
Microsoft Visual Studio Solution File, Format Version 12.00
# Visual Studio 15
VisualStudioVersion = 15.0.27428.2037
MinimumVisualStudioVersion = 10.0.40219.1
Project("{FAE04EC0-301F-11D3-BF4B-00C04F79EFBC}") = "DistinctItemsBenchmark", "DistinctItemsBenchmark\DistinctItemsBenchmark.csproj", "{9F1BB406-3FC4-4BE9-BB52-28DAB5B7A0F1}"
EndProject
Global
	GlobalSection(SolutionConfigurationPlatforms) = preSolution
		Debug|Any CPU = Debug|Any CPU
		Release|Any CPU = Release|Any CPU
	EndGlobalSection
	GlobalSection(ProjectConfigurationPlatforms) = postSolution
		{9F1BB406-3FC4-4BE9-BB52-28DAB5B7A0F1}.Debug|Any CPU.ActiveCfg = Debug|Any CPU
		{9F1BB406-3FC4-4BE9-BB52-28DAB5B7A0F1}.Debug|Any CPU.Build.0 = Debug|Any CPU
		{9F1BB406-3FC4-4BE9-BB52-28DAB5B7A0F1}.Release|Any CPU.ActiveCfg = Release|Any CPU
		{9F1BB406-3FC4-4BE9-BB52-28DAB5B7A0F1}.Release|Any CPU.Build.0 = Release|Any CPU
	EndGlobalSection
	GlobalSection(SolutionProperties) = preSolution
		HideSolutionNode = FALSE
	EndGlobalSection
	GlobalSection(ExtensibilityGlobals) = postSolution
		SolutionGuid = {C45D68CF-C40C-4721-A57E-E375E80C1394}
	EndGlobalSection
EndGlobal
